// !$*UTF8*$!
{
	archiveVersion = 1;
	classes = {
	};
	objectVersion = 46;
	objects = {

/* Begin PBXBuildFile section */
		03FEA5BB1DCC8A59008E4F8F /* AppDelegate.swift in Sources */ = {isa = PBXBuildFile; fileRef = 03FEA5BA1DCC8A59008E4F8F /* AppDelegate.swift */; };
		03FEA5BD1DCC8A59008E4F8F /* CameraVC.swift in Sources */ = {isa = PBXBuildFile; fileRef = 03FEA5BC1DCC8A59008E4F8F /* CameraVC.swift */; };
		03FEA5C01DCC8A59008E4F8F /* Main.storyboard in Resources */ = {isa = PBXBuildFile; fileRef = 03FEA5BE1DCC8A59008E4F8F /* Main.storyboard */; };
		03FEA5C21DCC8A59008E4F8F /* Assets.xcassets in Resources */ = {isa = PBXBuildFile; fileRef = 03FEA5C11DCC8A59008E4F8F /* Assets.xcassets */; };
		03FEA5C51DCC8A59008E4F8F /* LaunchScreen.storyboard in Resources */ = {isa = PBXBuildFile; fileRef = 03FEA5C31DCC8A59008E4F8F /* LaunchScreen.storyboard */; };
/* End PBXBuildFile section */

/* Begin PBXFileReference section */
		03FEA5B71DCC8A59008E4F8F /* CGI-Chat.app */ = {isa = PBXFileReference; explicitFileType = wrapper.application; includeInIndex = 0; path = "CGI-Chat.app"; sourceTree = BUILT_PRODUCTS_DIR; };
		03FEA5BA1DCC8A59008E4F8F /* AppDelegate.swift */ = {isa = PBXFileReference; lastKnownFileType = sourcecode.swift; path = AppDelegate.swift; sourceTree = "<group>"; };
		03FEA5BC1DCC8A59008E4F8F /* CameraVC.swift */ = {isa = PBXFileReference; lastKnownFileType = sourcecode.swift; path = CameraVC.swift; sourceTree = "<group>"; };
		03FEA5BF1DCC8A59008E4F8F /* Base */ = {isa = PBXFileReference; lastKnownFileType = file.storyboard; name = Base; path = Base.lproj/Main.storyboard; sourceTree = "<group>"; };
		03FEA5C11DCC8A59008E4F8F /* Assets.xcassets */ = {isa = PBXFileReference; lastKnownFileType = folder.assetcatalog; path = Assets.xcassets; sourceTree = "<group>"; };
		03FEA5C41DCC8A59008E4F8F /* Base */ = {isa = PBXFileReference; lastKnownFileType = file.storyboard; name = Base; path = Base.lproj/LaunchScreen.storyboard; sourceTree = "<group>"; };
		03FEA5C61DCC8A59008E4F8F /* Info.plist */ = {isa = PBXFileReference; lastKnownFileType = text.plist.xml; path = Info.plist; sourceTree = "<group>"; };
/* End PBXFileReference section */

/* Begin PBXFrameworksBuildPhase section */
		03FEA5B41DCC8A59008E4F8F /* Frameworks */ = {
			isa = PBXFrameworksBuildPhase;
			buildActionMask = 2147483647;
			files = (
			);
			runOnlyForDeploymentPostprocessing = 0;
		};
/* End PBXFrameworksBuildPhase section */

/* Begin PBXGroup section */
		03FEA5AE1DCC8A59008E4F8F = {
			isa = PBXGroup;
			children = (
				03FEA5B91DCC8A59008E4F8F /* CGI-Chat */,
				03FEA5B81DCC8A59008E4F8F /* Products */,
			);
			sourceTree = "<group>";
		};
		03FEA5B81DCC8A59008E4F8F /* Products */ = {
			isa = PBXGroup;
			children = (
				03FEA5B71DCC8A59008E4F8F /* CGI-Chat.app */,
			);
			name = Products;
			sourceTree = "<group>";
		};
		03FEA5B91DCC8A59008E4F8F /* CGI-Chat */ = {
			isa = PBXGroup;
			children = (
				03FEA5D11DCC8B5A008E4F8F /* Model */,
				03FEA5D01DCC8B2A008E4F8F /* Resource */,
				03FEA5CF1DCC8B17008E4F8F /* Delegate */,
				03FEA5CE1DCC8B0D008E4F8F /* Controller */,
				03FEA5CD1DCC8B05008E4F8F /* View */,
				03FEA5CC1DCC8AF5008E4F8F /* Assets */,
			);
			path = "CGI-Chat";
			sourceTree = "<group>";
		};
		03FEA5CC1DCC8AF5008E4F8F /* Assets */ = {
			isa = PBXGroup;
			children = (
				03FEA5C11DCC8A59008E4F8F /* Assets.xcassets */,
			);
			name = Assets;
			sourceTree = "<group>";
		};
		03FEA5CD1DCC8B05008E4F8F /* View */ = {
			isa = PBXGroup;
			children = (
				03FEA5BE1DCC8A59008E4F8F /* Main.storyboard */,
				03FEA5C31DCC8A59008E4F8F /* LaunchScreen.storyboard */,
			);
			name = View;
			sourceTree = "<group>";
		};
		03FEA5CE1DCC8B0D008E4F8F /* Controller */ = {
			isa = PBXGroup;
			children = (
				03FEA5BC1DCC8A59008E4F8F /* CameraVC.swift */,
			);
			name = Controller;
			sourceTree = "<group>";
		};
		03FEA5CF1DCC8B17008E4F8F /* Delegate */ = {
			isa = PBXGroup;
			children = (
			);
			name = Delegate;
			sourceTree = "<group>";
		};
		03FEA5D01DCC8B2A008E4F8F /* Resource */ = {
			isa = PBXGroup;
			children = (
				03FEA5C61DCC8A59008E4F8F /* Info.plist */,
			);
			name = Resource;
			sourceTree = "<group>";
		};
		03FEA5D11DCC8B5A008E4F8F /* Model */ = {
			isa = PBXGroup;
			children = (
				03FEA5BA1DCC8A59008E4F8F /* AppDelegate.swift */,
			);
			name = Model;
			sourceTree = "<group>";
		};
/* End PBXGroup section */

/* Begin PBXNativeTarget section */
		03FEA5B61DCC8A59008E4F8F /* CGI-Chat */ = {
			isa = PBXNativeTarget;
			buildConfigurationList = 03FEA5C91DCC8A59008E4F8F /* Build configuration list for PBXNativeTarget "CGI-Chat" */;
			buildPhases = (
				03FEA5B31DCC8A59008E4F8F /* Sources */,
				03FEA5B41DCC8A59008E4F8F /* Frameworks */,
				03FEA5B51DCC8A59008E4F8F /* Resources */,
			);
			buildRules = (
			);
			dependencies = (
			);
			name = "CGI-Chat";
			productName = "CGI-Chat";
			productReference = 03FEA5B71DCC8A59008E4F8F /* CGI-Chat.app */;
			productType = "com.apple.product-type.application";
		};
/* End PBXNativeTarget section */

/* Begin PBXProject section */
		03FEA5AF1DCC8A59008E4F8F /* Project object */ = {
			isa = PBXProject;
			attributes = {
				LastSwiftUpdateCheck = 0820;
				LastUpgradeCheck = 0820;
				ORGANIZATIONNAME = CgiDevelopments;
				TargetAttributes = {
					03FEA5B61DCC8A59008E4F8F = {
						CreatedOnToolsVersion = 8.2;
						DevelopmentTeam = 458GZWZ2EK;
						ProvisioningStyle = Automatic;
					};
				};
			};
			buildConfigurationList = 03FEA5B21DCC8A59008E4F8F /* Build configuration list for PBXProject "CGI-Chat" */;
			compatibilityVersion = "Xcode 3.2";
			developmentRegion = English;
			hasScannedForEncodings = 0;
			knownRegions = (
				en,
				Base,
			);
			mainGroup = 03FEA5AE1DCC8A59008E4F8F;
			productRefGroup = 03FEA5B81DCC8A59008E4F8F /* Products */;
			projectDirPath = "";
			projectRoot = "";
			targets = (
				03FEA5B61DCC8A59008E4F8F /* CGI-Chat */,
			);
		};
/* End PBXProject section */

/* Begin PBXResourcesBuildPhase section */
		03FEA5B51DCC8A59008E4F8F /* Resources */ = {
			isa = PBXResourcesBuildPhase;
			buildActionMask = 2147483647;
			files = (
				03FEA5C51DCC8A59008E4F8F /* LaunchScreen.storyboard in Resources */,
				03FEA5C21DCC8A59008E4F8F /* Assets.xcassets in Resources */,
				03FEA5C01DCC8A59008E4F8F /* Main.storyboard in Resources */,
			);
			runOnlyForDeploymentPostprocessing = 0;
		};
/* End PBXResourcesBuildPhase section */

/* Begin PBXSourcesBuildPhase section */
		03FEA5B31DCC8A59008E4F8F /* Sources */ = {
			isa = PBXSourcesBuildPhase;
			buildActionMask = 2147483647;
			files = (
				03FEA5BD1DCC8A59008E4F8F /* CameraVC.swift in Sources */,
				03FEA5BB1DCC8A59008E4F8F /* AppDelegate.swift in Sources */,
			);
			runOnlyForDeploymentPostprocessing = 0;
		};
/* End PBXSourcesBuildPhase section */

/* Begin PBXVariantGroup section */
		03FEA5BE1DCC8A59008E4F8F /* Main.storyboard */ = {
			isa = PBXVariantGroup;
			children = (
				03FEA5BF1DCC8A59008E4F8F /* Base */,
			);
			name = Main.storyboard;
			sourceTree = "<group>";
		};
		03FEA5C31DCC8A59008E4F8F /* LaunchScreen.storyboard */ = {
			isa = PBXVariantGroup;
			children = (
				03FEA5C41DCC8A59008E4F8F /* Base */,
			);
			name = LaunchScreen.storyboard;
			sourceTree = "<group>";
		};
/* End PBXVariantGroup section */

/* Begin XCBuildConfiguration section */
		03FEA5C71DCC8A59008E4F8F /* Debug */ = {
			isa = XCBuildConfiguration;
			buildSettings = {
				ALWAYS_SEARCH_USER_PATHS = NO;
				CLANG_ANALYZER_NONNULL = YES;
				CLANG_CXX_LANGUAGE_STANDARD = "gnu++0x";
				CLANG_CXX_LIBRARY = "libc++";
				CLANG_ENABLE_MODULES = YES;
				CLANG_ENABLE_OBJC_ARC = YES;
				CLANG_WARN_BOOL_CONVERSION = YES;
				CLANG_WARN_CONSTANT_CONVERSION = YES;
				CLANG_WARN_DIRECT_OBJC_ISA_USAGE = YES_ERROR;
				CLANG_WARN_DOCUMENTATION_COMMENTS = YES;
				CLANG_WARN_EMPTY_BODY = YES;
				CLANG_WARN_ENUM_CONVERSION = YES;
				CLANG_WARN_INFINITE_RECURSION = YES;
				CLANG_WARN_INT_CONVERSION = YES;
				CLANG_WARN_OBJC_ROOT_CLASS = YES_ERROR;
				CLANG_WARN_SUSPICIOUS_MOVE = YES;
				CLANG_WARN_UNREACHABLE_CODE = YES;
				CLANG_WARN__DUPLICATE_METHOD_MATCH = YES;
				"CODE_SIGN_IDENTITY[sdk=iphoneos*]" = "iPhone Developer";
				COPY_PHASE_STRIP = NO;
				DEBUG_INFORMATION_FORMAT = dwarf;
				ENABLE_STRICT_OBJC_MSGSEND = YES;
				ENABLE_TESTABILITY = YES;
				GCC_C_LANGUAGE_STANDARD = gnu99;
				GCC_DYNAMIC_NO_PIC = NO;
				GCC_NO_COMMON_BLOCKS = YES;
				GCC_OPTIMIZATION_LEVEL = 0;
				GCC_PREPROCESSOR_DEFINITIONS = (
					"DEBUG=1",
					"$(inherited)",
				);
				GCC_WARN_64_TO_32_BIT_CONVERSION = YES;
				GCC_WARN_ABOUT_RETURN_TYPE = YES_ERROR;
				GCC_WARN_UNDECLARED_SELECTOR = YES;
				GCC_WARN_UNINITIALIZED_AUTOS = YES_AGGRESSIVE;
				GCC_WARN_UNUSED_FUNCTION = YES;
				GCC_WARN_UNUSED_VARIABLE = YES;
				IPHONEOS_DEPLOYMENT_TARGET = 10.2;
				MTL_ENABLE_DEBUG_INFO = YES;
				ONLY_ACTIVE_ARCH = YES;
				SDKROOT = iphoneos;
				SWIFT_ACTIVE_COMPILATION_CONDITIONS = DEBUG;
				SWIFT_OPTIMIZATION_LEVEL = "-Onone";
				TARGETED_DEVICE_FAMILY = "1,2";
			};
			name = Debug;
		};
		03FEA5C81DCC8A59008E4F8F /* Release */ = {
			isa = XCBuildConfiguration;
			buildSettings = {
				ALWAYS_SEARCH_USER_PATHS = NO;
				CLANG_ANALYZER_NONNULL = YES;
				CLANG_CXX_LANGUAGE_STANDARD = "gnu++0x";
				CLANG_CXX_LIBRARY = "libc++";
				CLANG_ENABLE_MODULES = YES;
				CLANG_ENABLE_OBJC_ARC = YES;
				CLANG_WARN_BOOL_CONVERSION = YES;
				CLANG_WARN_CONSTANT_CONVERSION = YES;
				CLANG_WARN_DIRECT_OBJC_ISA_USAGE = YES_ERROR;
				CLANG_WARN_DOCUMENTATION_COMMENTS = YES;
				CLANG_WARN_EMPTY_BODY = YES;
				CLANG_WARN_ENUM_CONVERSION = YES;
				CLANG_WARN_INFINITE_RECURSION = YES;
				CLANG_WARN_INT_CONVERSION = YES;
				CLANG_WARN_OBJC_ROOT_CLASS = YES_ERROR;
				CLANG_WARN_SUSPICIOUS_MOVE = YES;
				CLANG_WARN_UNREACHABLE_CODE = YES;
				CLANG_WARN__DUPLICATE_METHOD_MATCH = YES;
				"CODE_SIGN_IDENTITY[sdk=iphoneos*]" = "iPhone Developer";
				COPY_PHASE_STRIP = NO;
				DEBUG_INFORMATION_FORMAT = "dwarf-with-dsym";
				ENABLE_NS_ASSERTIONS = NO;
				ENABLE_STRICT_OBJC_MSGSEND = YES;
				GCC_C_LANGUAGE_STANDARD = gnu99;
				GCC_NO_COMMON_BLOCKS = YES;
				GCC_WARN_64_TO_32_BIT_CONVERSION = YES;
				GCC_WARN_ABOUT_RETURN_TYPE = YES_ERROR;
				GCC_WARN_UNDECLARED_SELECTOR = YES;
				GCC_WARN_UNINITIALIZED_AUTOS = YES_AGGRESSIVE;
				GCC_WARN_UNUSED_FUNCTION = YES;
				GCC_WARN_UNUSED_VARIABLE = YES;
				IPHONEOS_DEPLOYMENT_TARGET = 10.2;
				MTL_ENABLE_DEBUG_INFO = NO;
				SDKROOT = iphoneos;
				SWIFT_OPTIMIZATION_LEVEL = "-Owholemodule";
				TARGETED_DEVICE_FAMILY = "1,2";
				VALIDATE_PRODUCT = YES;
			};
			name = Release;
		};
		03FEA5CA1DCC8A59008E4F8F /* Debug */ = {
			isa = XCBuildConfiguration;
			buildSettings = {
				ASSETCATALOG_COMPILER_APPICON_NAME = AppIcon;
				DEVELOPMENT_TEAM = 458GZWZ2EK;
				INFOPLIST_FILE = "CGI-Chat/Info.plist";
				LD_RUNPATH_SEARCH_PATHS = "$(inherited) @executable_path/Frameworks";
				PRODUCT_BUNDLE_IDENTIFIER = "com.CgiDeveopments.CGI-Chat";
				PRODUCT_NAME = "$(TARGET_NAME)";
				SWIFT_VERSION = 3.0;
			};
			name = Debug;
		};
		03FEA5CB1DCC8A59008E4F8F /* Release */ = {
			isa = XCBuildConfiguration;
			buildSettings = {
				ASSETCATALOG_COMPILER_APPICON_NAME = AppIcon;
				DEVELOPMENT_TEAM = 458GZWZ2EK;
				INFOPLIST_FILE = "CGI-Chat/Info.plist";
				LD_RUNPATH_SEARCH_PATHS = "$(inherited) @executable_path/Frameworks";
				PRODUCT_BUNDLE_IDENTIFIER = "com.CgiDeveopments.CGI-Chat";
				PRODUCT_NAME = "$(TARGET_NAME)";
				SWIFT_VERSION = 3.0;
			};
			name = Release;
		};
/* End XCBuildConfiguration section */

/* Begin XCConfigurationList section */
		03FEA5B21DCC8A59008E4F8F /* Build configuration list for PBXProject "CGI-Chat" */ = {
			isa = XCConfigurationList;
			buildConfigurations = (
				03FEA5C71DCC8A59008E4F8F /* Debug */,
				03FEA5C81DCC8A59008E4F8F /* Release */,
			);
			defaultConfigurationIsVisible = 0;
			defaultConfigurationName = Release;
		};
		03FEA5C91DCC8A59008E4F8F /* Build configuration list for PBXNativeTarget "CGI-Chat" */ = {
			isa = XCConfigurationList;
			buildConfigurations = (
				03FEA5CA1DCC8A59008E4F8F /* Debug */,
				03FEA5CB1DCC8A59008E4F8F /* Release */,
			);
			defaultConfigurationIsVisible = 0;
		};
/* End XCConfigurationList section */
	};
	rootObject = 03FEA5AF1DCC8A59008E4F8F /* Project object */;
}
